
Microsoft Visual Studio Solution File, Format Version 12.00
# Visual Studio Version 17
VisualStudioVersion = 17.1.32328.378
MinimumVisualStudioVersion = 10.0.40219.1
Project("{FAE04EC0-301F-11D3-BF4B-00C04F79EFBC}") = "MongoHelpersGenerator", "MongoHelpersGenerator.csproj", "{406C5CC2-7EDD-4026-9115-A7C00B754873}"
EndProject
Global
	GlobalSection(SolutionConfigurationPlatforms) = preSolution
		Debug|Any CPU = Debug|Any CPU
		Release|Any CPU = Release|Any CPU
	EndGlobalSection
	GlobalSection(ProjectConfigurationPlatforms) = postSolution
		{406C5CC2-7EDD-4026-9115-A7C00B754873}.Debug|Any CPU.ActiveCfg = Debug|Any CPU
		{406C5CC2-7EDD-4026-9115-A7C00B754873}.Debug|Any CPU.Build.0 = Debug|Any CPU
		{406C5CC2-7EDD-4026-9115-A7C00B754873}.Release|Any CPU.ActiveCfg = Release|Any CPU
		{406C5CC2-7EDD-4026-9115-A7C00B754873}.Release|Any CPU.Build.0 = Release|Any CPU
	EndGlobalSection
	GlobalSection(SolutionProperties) = preSolution
		HideSolutionNode = FALSE
	EndGlobalSection
	GlobalSection(ExtensibilityGlobals) = postSolution
		SolutionGuid = {B40B2D08-46AA-4E60-B47C-6CE9A8AEDDD8}
	EndGlobalSection
EndGlobal
